{
  "name": "ainq.fhir.us.saner",
  "version": "0.1.0",
  "lockfileVersion": 1,
  "requires": true,
  "dependencies": {
    "each-series": {
      "version": "1.0.0",
      "resolved": "https://registry.npmjs.org/each-series/-/each-series-1.0.0.tgz",
      "integrity": "sha1-+Ibmxm39sl7x/nNWQUbuXLR4r8s="
    },
    "minimist": {
      "version": "1.2.5",
      "resolved": "https://registry.npmjs.org/minimist/-/minimist-1.2.5.tgz",
      "integrity": "sha512-FM9nNUYrRBAELZQT3xeZQ7fmMOBg6nWNmJKTcgsJeaLstP/UODVpGsr5OhXhhXg6f+qtJ8uiZ+PUxkDWcgIXLw=="
    },
    "set-immediate-shim": {
      "version": "1.0.1",
      "resolved": "https://registry.npmjs.org/set-immediate-shim/-/set-immediate-shim-1.0.1.tgz",
      "integrity": "sha1-SysbJ+uAip+NzEgaWOXlb1mfP2E="
    },
    "sushi": {
      "version": "2.1.0",
      "resolved": "https://registry.npmjs.org/sushi/-/sushi-2.1.0.tgz",
      "integrity": "sha1-WGEs/V1CASyrEr86FOEJSy1VZ08=",
      "requires": {
        "each-series": "^1.0.0",
        "minimist": "^1.2.0",
        "set-immediate-shim": "^1.0.1"
      }
    }
  }
}
